
Microsoft Visual Studio Solution File, Format Version 12.00
# Visual Studio Version 17
VisualStudioVersion = 17.4.33205.214
MinimumVisualStudioVersion = 10.0.40219.1
Project("{9A19103F-16F7-4668-BE54-9A1E7A4F7556}") = "LakeXplorer", "LakeXplorer\LakeXplorer.csproj", "{64CE01D4-4EF2-4461-812D-D8C0869BD90F}"
EndProject
Project("{FAE04EC0-301F-11D3-BF4B-00C04F79EFBC}") = "LakeXplorerTest", "LakeXplorerTest\LakeXplorerTest.csproj", "{16727CD8-2A77-4664-9377-1DEC38D6B4CF}"
EndProject
Global
	GlobalSection(SolutionConfigurationPlatforms) = preSolution
		Debug|Any CPU = Debug|Any CPU
		Release|Any CPU = Release|Any CPU
	EndGlobalSection
	GlobalSection(ProjectConfigurationPlatforms) = postSolution
		{64CE01D4-4EF2-4461-812D-D8C0869BD90F}.Debug|Any CPU.ActiveCfg = Debug|Any CPU
		{64CE01D4-4EF2-4461-812D-D8C0869BD90F}.Debug|Any CPU.Build.0 = Debug|Any CPU
		{64CE01D4-4EF2-4461-812D-D8C0869BD90F}.Release|Any CPU.ActiveCfg = Release|Any CPU
		{64CE01D4-4EF2-4461-812D-D8C0869BD90F}.Release|Any CPU.Build.0 = Release|Any CPU
		{16727CD8-2A77-4664-9377-1DEC38D6B4CF}.Debug|Any CPU.ActiveCfg = Debug|Any CPU
		{16727CD8-2A77-4664-9377-1DEC38D6B4CF}.Debug|Any CPU.Build.0 = Debug|Any CPU
		{16727CD8-2A77-4664-9377-1DEC38D6B4CF}.Release|Any CPU.ActiveCfg = Release|Any CPU
		{16727CD8-2A77-4664-9377-1DEC38D6B4CF}.Release|Any CPU.Build.0 = Release|Any CPU
	EndGlobalSection
	GlobalSection(SolutionProperties) = preSolution
		HideSolutionNode = FALSE
	EndGlobalSection
	GlobalSection(ExtensibilityGlobals) = postSolution
		SolutionGuid = {0AB3E468-C771-4FD8-96DF-BF5F6CCD5DED}
	EndGlobalSection
EndGlobal
